
Microsoft Visual Studio Solution File, Format Version 12.00
# Visual Studio Version 17
VisualStudioVersion = 17.3.32811.315
MinimumVisualStudioVersion = 10.0.40219.1
Project("{FAE04EC0-301F-11D3-BF4B-00C04F79EFBC}") = "DamageCalculator3", "DamageCalculator3.csproj", "{44A78A29-113C-49A9-B4C7-20297DC1831C}"
EndProject
Global
	GlobalSection(SolutionConfigurationPlatforms) = preSolution
		Debug|Any CPU = Debug|Any CPU
		Release|Any CPU = Release|Any CPU
	EndGlobalSection
	GlobalSection(ProjectConfigurationPlatforms) = postSolution
		{44A78A29-113C-49A9-B4C7-20297DC1831C}.Debug|Any CPU.ActiveCfg = Debug|Any CPU
		{44A78A29-113C-49A9-B4C7-20297DC1831C}.Debug|Any CPU.Build.0 = Debug|Any CPU
		{44A78A29-113C-49A9-B4C7-20297DC1831C}.Release|Any CPU.ActiveCfg = Release|Any CPU
		{44A78A29-113C-49A9-B4C7-20297DC1831C}.Release|Any CPU.Build.0 = Release|Any CPU
	EndGlobalSection
	GlobalSection(SolutionProperties) = preSolution
		HideSolutionNode = FALSE
	EndGlobalSection
	GlobalSection(ExtensibilityGlobals) = postSolution
		SolutionGuid = {1F7C5477-39A1-482F-AC98-72E3170557FB}
	EndGlobalSection
EndGlobal
